
Microsoft Visual Studio Solution File, Format Version 12.00
# Visual Studio Version 16
VisualStudioVersion = 16.0.28729.10
MinimumVisualStudioVersion = 10.0.40219.1
Project("{FAE04EC0-301F-11D3-BF4B-00C04F79EFBC}") = "Chatbot.Client", "Chatbot.Client\Chatbot.Client.csproj", "{FF8F2CDD-25BF-4266-8185-16F88FE687E7}"
EndProject
Global
	GlobalSection(SolutionConfigurationPlatforms) = preSolution
		Debug|Any CPU = Debug|Any CPU
		Release|Any CPU = Release|Any CPU
	EndGlobalSection
	GlobalSection(ProjectConfigurationPlatforms) = postSolution
		{FF8F2CDD-25BF-4266-8185-16F88FE687E7}.Debug|Any CPU.ActiveCfg = Debug|Any CPU
		{FF8F2CDD-25BF-4266-8185-16F88FE687E7}.Debug|Any CPU.Build.0 = Debug|Any CPU
		{FF8F2CDD-25BF-4266-8185-16F88FE687E7}.Release|Any CPU.ActiveCfg = Release|Any CPU
		{FF8F2CDD-25BF-4266-8185-16F88FE687E7}.Release|Any CPU.Build.0 = Release|Any CPU
	EndGlobalSection
	GlobalSection(SolutionProperties) = preSolution
		HideSolutionNode = FALSE
	EndGlobalSection
	GlobalSection(ExtensibilityGlobals) = postSolution
		SolutionGuid = {D5161949-582A-4B28-866B-76A1E3B44BDD}
	EndGlobalSection
EndGlobal
