
Microsoft Visual Studio Solution File, Format Version 12.00
# Visual Studio Version 16
VisualStudioVersion = 16.0.28729.10
MinimumVisualStudioVersion = 10.0.40219.1
Project("{FAE04EC0-301F-11D3-BF4B-00C04F79EFBC}") = "Chatbot.Client.Wpf", "Chatbot.Client\Chatbot.Client.Wpf.csproj", "{FF8F2CDD-25BF-4266-8185-16F88FE687E7}"
EndProject
Project("{FAE04EC0-301F-11D3-BF4B-00C04F79EFBC}") = "Chatbot.Server", "Chatbot.Server\Chatbot.Server.csproj", "{62BDE0F6-F2D9-4FD7-89C6-21FFE754ACC7}"
EndProject
Project("{FAE04EC0-301F-11D3-BF4B-00C04F79EFBC}") = "Chatbot.Client.UWP", "Chatbot.Client.UWP\Chatbot.Client.UWP.csproj", "{67E48B07-0224-4D06-8567-FF2739F0FD4C}"
EndProject
Project("{FAE04EC0-301F-11D3-BF4B-00C04F79EFBC}") = "Chatbot.Client.Core", "Chatbot.Client.Core\Chatbot.Client.Core.csproj", "{94721650-FCD4-4190-875E-8B48EC056E62}"
EndProject
Project("{2150E333-8FDC-42A3-9474-1A3956D46DE8}") = "Solution Items", "Solution Items", "{E442917B-2F81-4C3E-9FF6-A90A549BD4F9}"
	ProjectSection(SolutionItems) = preProject
		LICENSE.txt = LICENSE.txt
		README.md = README.md
	EndProjectSection
EndProject
Global
	GlobalSection(SolutionConfigurationPlatforms) = preSolution
		Debug|Any CPU = Debug|Any CPU
		Debug|ARM = Debug|ARM
		Debug|ARM64 = Debug|ARM64
		Debug|x64 = Debug|x64
		Debug|x86 = Debug|x86
		Release|Any CPU = Release|Any CPU
		Release|ARM = Release|ARM
		Release|ARM64 = Release|ARM64
		Release|x64 = Release|x64
		Release|x86 = Release|x86
	EndGlobalSection
	GlobalSection(ProjectConfigurationPlatforms) = postSolution
		{FF8F2CDD-25BF-4266-8185-16F88FE687E7}.Debug|Any CPU.ActiveCfg = Debug|Any CPU
		{FF8F2CDD-25BF-4266-8185-16F88FE687E7}.Debug|Any CPU.Build.0 = Debug|Any CPU
		{FF8F2CDD-25BF-4266-8185-16F88FE687E7}.Debug|ARM.ActiveCfg = Debug|Any CPU
		{FF8F2CDD-25BF-4266-8185-16F88FE687E7}.Debug|ARM.Build.0 = Debug|Any CPU
		{FF8F2CDD-25BF-4266-8185-16F88FE687E7}.Debug|ARM64.ActiveCfg = Debug|Any CPU
		{FF8F2CDD-25BF-4266-8185-16F88FE687E7}.Debug|ARM64.Build.0 = Debug|Any CPU
		{FF8F2CDD-25BF-4266-8185-16F88FE687E7}.Debug|x64.ActiveCfg = Debug|Any CPU
		{FF8F2CDD-25BF-4266-8185-16F88FE687E7}.Debug|x64.Build.0 = Debug|Any CPU
		{FF8F2CDD-25BF-4266-8185-16F88FE687E7}.Debug|x86.ActiveCfg = Debug|Any CPU
		{FF8F2CDD-25BF-4266-8185-16F88FE687E7}.Debug|x86.Build.0 = Debug|Any CPU
		{FF8F2CDD-25BF-4266-8185-16F88FE687E7}.Release|Any CPU.ActiveCfg = Release|Any CPU
		{FF8F2CDD-25BF-4266-8185-16F88FE687E7}.Release|Any CPU.Build.0 = Release|Any CPU
		{FF8F2CDD-25BF-4266-8185-16F88FE687E7}.Release|ARM.ActiveCfg = Release|Any CPU
		{FF8F2CDD-25BF-4266-8185-16F88FE687E7}.Release|ARM.Build.0 = Release|Any CPU
		{FF8F2CDD-25BF-4266-8185-16F88FE687E7}.Release|ARM64.ActiveCfg = Release|Any CPU
		{FF8F2CDD-25BF-4266-8185-16F88FE687E7}.Release|ARM64.Build.0 = Release|Any CPU
		{FF8F2CDD-25BF-4266-8185-16F88FE687E7}.Release|x64.ActiveCfg = Release|Any CPU
		{FF8F2CDD-25BF-4266-8185-16F88FE687E7}.Release|x64.Build.0 = Release|Any CPU
		{FF8F2CDD-25BF-4266-8185-16F88FE687E7}.Release|x86.ActiveCfg = Release|Any CPU
		{FF8F2CDD-25BF-4266-8185-16F88FE687E7}.Release|x86.Build.0 = Release|Any CPU
		{62BDE0F6-F2D9-4FD7-89C6-21FFE754ACC7}.Debug|Any CPU.ActiveCfg = Debug|Any CPU
		{62BDE0F6-F2D9-4FD7-89C6-21FFE754ACC7}.Debug|Any CPU.Build.0 = Debug|Any CPU
		{62BDE0F6-F2D9-4FD7-89C6-21FFE754ACC7}.Debug|ARM.ActiveCfg = Debug|Any CPU
		{62BDE0F6-F2D9-4FD7-89C6-21FFE754ACC7}.Debug|ARM.Build.0 = Debug|Any CPU
		{62BDE0F6-F2D9-4FD7-89C6-21FFE754ACC7}.Debug|ARM64.ActiveCfg = Debug|Any CPU
		{62BDE0F6-F2D9-4FD7-89C6-21FFE754ACC7}.Debug|ARM64.Build.0 = Debug|Any CPU
		{62BDE0F6-F2D9-4FD7-89C6-21FFE754ACC7}.Debug|x64.ActiveCfg = Debug|Any CPU
		{62BDE0F6-F2D9-4FD7-89C6-21FFE754ACC7}.Debug|x64.Build.0 = Debug|Any CPU
		{62BDE0F6-F2D9-4FD7-89C6-21FFE754ACC7}.Debug|x86.ActiveCfg = Debug|Any CPU
		{62BDE0F6-F2D9-4FD7-89C6-21FFE754ACC7}.Debug|x86.Build.0 = Debug|Any CPU
		{62BDE0F6-F2D9-4FD7-89C6-21FFE754ACC7}.Release|Any CPU.ActiveCfg = Release|Any CPU
		{62BDE0F6-F2D9-4FD7-89C6-21FFE754ACC7}.Release|Any CPU.Build.0 = Release|Any CPU
		{62BDE0F6-F2D9-4FD7-89C6-21FFE754ACC7}.Release|ARM.ActiveCfg = Release|Any CPU
		{62BDE0F6-F2D9-4FD7-89C6-21FFE754ACC7}.Release|ARM.Build.0 = Release|Any CPU
		{62BDE0F6-F2D9-4FD7-89C6-21FFE754ACC7}.Release|ARM64.ActiveCfg = Release|Any CPU
		{62BDE0F6-F2D9-4FD7-89C6-21FFE754ACC7}.Release|ARM64.Build.0 = Release|Any CPU
		{62BDE0F6-F2D9-4FD7-89C6-21FFE754ACC7}.Release|x64.ActiveCfg = Release|Any CPU
		{62BDE0F6-F2D9-4FD7-89C6-21FFE754ACC7}.Release|x64.Build.0 = Release|Any CPU
		{62BDE0F6-F2D9-4FD7-89C6-21FFE754ACC7}.Release|x86.ActiveCfg = Release|Any CPU
		{62BDE0F6-F2D9-4FD7-89C6-21FFE754ACC7}.Release|x86.Build.0 = Release|Any CPU
		{67E48B07-0224-4D06-8567-FF2739F0FD4C}.Debug|Any CPU.ActiveCfg = Debug|x86
		{67E48B07-0224-4D06-8567-FF2739F0FD4C}.Debug|ARM.ActiveCfg = Debug|ARM
		{67E48B07-0224-4D06-8567-FF2739F0FD4C}.Debug|ARM.Build.0 = Debug|ARM
		{67E48B07-0224-4D06-8567-FF2739F0FD4C}.Debug|ARM.Deploy.0 = Debug|ARM
		{67E48B07-0224-4D06-8567-FF2739F0FD4C}.Debug|ARM64.ActiveCfg = Debug|ARM64
		{67E48B07-0224-4D06-8567-FF2739F0FD4C}.Debug|ARM64.Build.0 = Debug|ARM64
		{67E48B07-0224-4D06-8567-FF2739F0FD4C}.Debug|ARM64.Deploy.0 = Debug|ARM64
		{67E48B07-0224-4D06-8567-FF2739F0FD4C}.Debug|x64.ActiveCfg = Debug|x64
		{67E48B07-0224-4D06-8567-FF2739F0FD4C}.Debug|x64.Build.0 = Debug|x64
		{67E48B07-0224-4D06-8567-FF2739F0FD4C}.Debug|x64.Deploy.0 = Debug|x64
		{67E48B07-0224-4D06-8567-FF2739F0FD4C}.Debug|x86.ActiveCfg = Debug|x86
		{67E48B07-0224-4D06-8567-FF2739F0FD4C}.Debug|x86.Build.0 = Debug|x86
		{67E48B07-0224-4D06-8567-FF2739F0FD4C}.Debug|x86.Deploy.0 = Debug|x86
		{67E48B07-0224-4D06-8567-FF2739F0FD4C}.Release|Any CPU.ActiveCfg = Release|x86
		{67E48B07-0224-4D06-8567-FF2739F0FD4C}.Release|ARM.ActiveCfg = Release|ARM
		{67E48B07-0224-4D06-8567-FF2739F0FD4C}.Release|ARM.Build.0 = Release|ARM
		{67E48B07-0224-4D06-8567-FF2739F0FD4C}.Release|ARM.Deploy.0 = Release|ARM
		{67E48B07-0224-4D06-8567-FF2739F0FD4C}.Release|ARM64.ActiveCfg = Release|ARM64
		{67E48B07-0224-4D06-8567-FF2739F0FD4C}.Release|ARM64.Build.0 = Release|ARM64
		{67E48B07-0224-4D06-8567-FF2739F0FD4C}.Release|ARM64.Deploy.0 = Release|ARM64
		{67E48B07-0224-4D06-8567-FF2739F0FD4C}.Release|x64.ActiveCfg = Release|x64
		{67E48B07-0224-4D06-8567-FF2739F0FD4C}.Release|x64.Build.0 = Release|x64
		{67E48B07-0224-4D06-8567-FF2739F0FD4C}.Release|x64.Deploy.0 = Release|x64
		{67E48B07-0224-4D06-8567-FF2739F0FD4C}.Release|x86.ActiveCfg = Release|x86
		{67E48B07-0224-4D06-8567-FF2739F0FD4C}.Release|x86.Build.0 = Release|x86
		{67E48B07-0224-4D06-8567-FF2739F0FD4C}.Release|x86.Deploy.0 = Release|x86
		{94721650-FCD4-4190-875E-8B48EC056E62}.Debug|Any CPU.ActiveCfg = Debug|Any CPU
		{94721650-FCD4-4190-875E-8B48EC056E62}.Debug|Any CPU.Build.0 = Debug|Any CPU
		{94721650-FCD4-4190-875E-8B48EC056E62}.Debug|ARM.ActiveCfg = Debug|Any CPU
		{94721650-FCD4-4190-875E-8B48EC056E62}.Debug|ARM.Build.0 = Debug|Any CPU
		{94721650-FCD4-4190-875E-8B48EC056E62}.Debug|ARM64.ActiveCfg = Debug|Any CPU
		{94721650-FCD4-4190-875E-8B48EC056E62}.Debug|ARM64.Build.0 = Debug|Any CPU
		{94721650-FCD4-4190-875E-8B48EC056E62}.Debug|x64.ActiveCfg = Debug|Any CPU
		{94721650-FCD4-4190-875E-8B48EC056E62}.Debug|x64.Build.0 = Debug|Any CPU
		{94721650-FCD4-4190-875E-8B48EC056E62}.Debug|x86.ActiveCfg = Debug|Any CPU
		{94721650-FCD4-4190-875E-8B48EC056E62}.Debug|x86.Build.0 = Debug|Any CPU
		{94721650-FCD4-4190-875E-8B48EC056E62}.Release|Any CPU.ActiveCfg = Release|Any CPU
		{94721650-FCD4-4190-875E-8B48EC056E62}.Release|Any CPU.Build.0 = Release|Any CPU
		{94721650-FCD4-4190-875E-8B48EC056E62}.Release|ARM.ActiveCfg = Release|Any CPU
		{94721650-FCD4-4190-875E-8B48EC056E62}.Release|ARM.Build.0 = Release|Any CPU
		{94721650-FCD4-4190-875E-8B48EC056E62}.Release|ARM64.ActiveCfg = Release|Any CPU
		{94721650-FCD4-4190-875E-8B48EC056E62}.Release|ARM64.Build.0 = Release|Any CPU
		{94721650-FCD4-4190-875E-8B48EC056E62}.Release|x64.ActiveCfg = Release|Any CPU
		{94721650-FCD4-4190-875E-8B48EC056E62}.Release|x64.Build.0 = Release|Any CPU
		{94721650-FCD4-4190-875E-8B48EC056E62}.Release|x86.ActiveCfg = Release|Any CPU
		{94721650-FCD4-4190-875E-8B48EC056E62}.Release|x86.Build.0 = Release|Any CPU
	EndGlobalSection
	GlobalSection(SolutionProperties) = preSolution
		HideSolutionNode = FALSE
	EndGlobalSection
	GlobalSection(ExtensibilityGlobals) = postSolution
		SolutionGuid = {D5161949-582A-4B28-866B-76A1E3B44BDD}
	EndGlobalSection
EndGlobal
